
Microsoft Visual Studio Solution File, Format Version 12.00
# Visual Studio Version 16
VisualStudioVersion = 16.0.31205.134
MinimumVisualStudioVersion = 10.0.40219.1
Project("{FAE04EC0-301F-11D3-BF4B-00C04F79EFBC}") = "TestProject", "TestProject.csproj", "{75B3A467-77FC-4AE1-8A7F-7F464F0D6AA8}"
EndProject
Global
	GlobalSection(SolutionConfigurationPlatforms) = preSolution
		Debug|Any CPU = Debug|Any CPU
		Release|Any CPU = Release|Any CPU
	EndGlobalSection
	GlobalSection(ProjectConfigurationPlatforms) = postSolution
		{75B3A467-77FC-4AE1-8A7F-7F464F0D6AA8}.Debug|Any CPU.ActiveCfg = Debug|Any CPU
		{75B3A467-77FC-4AE1-8A7F-7F464F0D6AA8}.Debug|Any CPU.Build.0 = Debug|Any CPU
		{75B3A467-77FC-4AE1-8A7F-7F464F0D6AA8}.Release|Any CPU.ActiveCfg = Release|Any CPU
		{75B3A467-77FC-4AE1-8A7F-7F464F0D6AA8}.Release|Any CPU.Build.0 = Release|Any CPU
	EndGlobalSection
	GlobalSection(SolutionProperties) = preSolution
		HideSolutionNode = FALSE
	EndGlobalSection
	GlobalSection(ExtensibilityGlobals) = postSolution
		SolutionGuid = {04509961-D6E0-46D6-952A-698962578B6E}
	EndGlobalSection
EndGlobal
